
Microsoft Visual Studio Solution File, Format Version 12.00
# Visual Studio Version 16
VisualStudioVersion = 16.0.29709.97
MinimumVisualStudioVersion = 10.0.40219.1
Project("{FAE04EC0-301F-11D3-BF4B-00C04F79EFBC}") = "ESISBA.Android", "ESISBA.Android\ESISBA.Android.csproj", "{5B3C3A7E-F402-48CD-8AC6-EF0EE7DAFCA4}"
EndProject
Project("{FAE04EC0-301F-11D3-BF4B-00C04F79EFBC}") = "ESISBA.iOS", "ESISBA.iOS\ESISBA.iOS.csproj", "{7BDE3150-34DF-414D-897C-7A81EA6C5E84}"
EndProject
Project("{FAE04EC0-301F-11D3-BF4B-00C04F79EFBC}") = "ESISBA", "ESISBA\ESISBA.csproj", "{9261BB9E-744A-4619-9642-B36289B0DD90}"
EndProject
Global
	GlobalSection(SolutionConfigurationPlatforms) = preSolution
		Debug|Any CPU = Debug|Any CPU
		Debug|iPhone = Debug|iPhone
		Debug|iPhoneSimulator = Debug|iPhoneSimulator
		Release|Any CPU = Release|Any CPU
		Release|iPhone = Release|iPhone
		Release|iPhoneSimulator = Release|iPhoneSimulator
	EndGlobalSection
	GlobalSection(ProjectConfigurationPlatforms) = postSolution
		{5B3C3A7E-F402-48CD-8AC6-EF0EE7DAFCA4}.Debug|Any CPU.ActiveCfg = Debug|Any CPU
		{5B3C3A7E-F402-48CD-8AC6-EF0EE7DAFCA4}.Debug|Any CPU.Build.0 = Debug|Any CPU
		{5B3C3A7E-F402-48CD-8AC6-EF0EE7DAFCA4}.Debug|Any CPU.Deploy.0 = Debug|Any CPU
		{5B3C3A7E-F402-48CD-8AC6-EF0EE7DAFCA4}.Debug|iPhone.ActiveCfg = Debug|Any CPU
		{5B3C3A7E-F402-48CD-8AC6-EF0EE7DAFCA4}.Debug|iPhone.Build.0 = Debug|Any CPU
		{5B3C3A7E-F402-48CD-8AC6-EF0EE7DAFCA4}.Debug|iPhone.Deploy.0 = Debug|Any CPU
		{5B3C3A7E-F402-48CD-8AC6-EF0EE7DAFCA4}.Debug|iPhoneSimulator.ActiveCfg = Debug|Any CPU
		{5B3C3A7E-F402-48CD-8AC6-EF0EE7DAFCA4}.Debug|iPhoneSimulator.Build.0 = Debug|Any CPU
		{5B3C3A7E-F402-48CD-8AC6-EF0EE7DAFCA4}.Debug|iPhoneSimulator.Deploy.0 = Debug|Any CPU
		{5B3C3A7E-F402-48CD-8AC6-EF0EE7DAFCA4}.Release|Any CPU.ActiveCfg = Release|Any CPU
		{5B3C3A7E-F402-48CD-8AC6-EF0EE7DAFCA4}.Release|Any CPU.Build.0 = Release|Any CPU
		{5B3C3A7E-F402-48CD-8AC6-EF0EE7DAFCA4}.Release|Any CPU.Deploy.0 = Release|Any CPU
		{5B3C3A7E-F402-48CD-8AC6-EF0EE7DAFCA4}.Release|iPhone.ActiveCfg = Release|Any CPU
		{5B3C3A7E-F402-48CD-8AC6-EF0EE7DAFCA4}.Release|iPhone.Build.0 = Release|Any CPU
		{5B3C3A7E-F402-48CD-8AC6-EF0EE7DAFCA4}.Release|iPhone.Deploy.0 = Release|Any CPU
		{5B3C3A7E-F402-48CD-8AC6-EF0EE7DAFCA4}.Release|iPhoneSimulator.ActiveCfg = Release|Any CPU
		{5B3C3A7E-F402-48CD-8AC6-EF0EE7DAFCA4}.Release|iPhoneSimulator.Build.0 = Release|Any CPU
		{5B3C3A7E-F402-48CD-8AC6-EF0EE7DAFCA4}.Release|iPhoneSimulator.Deploy.0 = Release|Any CPU
		{7BDE3150-34DF-414D-897C-7A81EA6C5E84}.Debug|Any CPU.ActiveCfg = Debug|iPhoneSimulator
		{7BDE3150-34DF-414D-897C-7A81EA6C5E84}.Debug|Any CPU.Build.0 = Debug|iPhoneSimulator
		{7BDE3150-34DF-414D-897C-7A81EA6C5E84}.Debug|Any CPU.Deploy.0 = Debug|iPhoneSimulator
		{7BDE3150-34DF-414D-897C-7A81EA6C5E84}.Debug|iPhone.ActiveCfg = Debug|iPhone
		{7BDE3150-34DF-414D-897C-7A81EA6C5E84}.Debug|iPhone.Build.0 = Debug|iPhone
		{7BDE3150-34DF-414D-897C-7A81EA6C5E84}.Debug|iPhone.Deploy.0 = Debug|iPhone
		{7BDE3150-34DF-414D-897C-7A81EA6C5E84}.Debug|iPhoneSimulator.ActiveCfg = Debug|iPhoneSimulator
		{7BDE3150-34DF-414D-897C-7A81EA6C5E84}.Debug|iPhoneSimulator.Build.0 = Debug|iPhoneSimulator
		{7BDE3150-34DF-414D-897C-7A81EA6C5E84}.Debug|iPhoneSimulator.Deploy.0 = Debug|iPhoneSimulator
		{7BDE3150-34DF-414D-897C-7A81EA6C5E84}.Release|Any CPU.ActiveCfg = Release|iPhone
		{7BDE3150-34DF-414D-897C-7A81EA6C5E84}.Release|Any CPU.Build.0 = Release|iPhone
		{7BDE3150-34DF-414D-897C-7A81EA6C5E84}.Release|Any CPU.Deploy.0 = Release|iPhone
		{7BDE3150-34DF-414D-897C-7A81EA6C5E84}.Release|iPhone.ActiveCfg = Release|iPhone
		{7BDE3150-34DF-414D-897C-7A81EA6C5E84}.Release|iPhone.Build.0 = Release|iPhone
		{7BDE3150-34DF-414D-897C-7A81EA6C5E84}.Release|iPhone.Deploy.0 = Release|iPhone
		{7BDE3150-34DF-414D-897C-7A81EA6C5E84}.Release|iPhoneSimulator.ActiveCfg = Release|iPhoneSimulator
		{7BDE3150-34DF-414D-897C-7A81EA6C5E84}.Release|iPhoneSimulator.Build.0 = Release|iPhoneSimulator
		{7BDE3150-34DF-414D-897C-7A81EA6C5E84}.Release|iPhoneSimulator.Deploy.0 = Release|iPhoneSimulator
		{9261BB9E-744A-4619-9642-B36289B0DD90}.Debug|Any CPU.ActiveCfg = Debug|Any CPU
		{9261BB9E-744A-4619-9642-B36289B0DD90}.Debug|Any CPU.Build.0 = Debug|Any CPU
		{9261BB9E-744A-4619-9642-B36289B0DD90}.Debug|Any CPU.Deploy.0 = Debug|Any CPU
		{9261BB9E-744A-4619-9642-B36289B0DD90}.Debug|iPhone.ActiveCfg = Debug|Any CPU
		{9261BB9E-744A-4619-9642-B36289B0DD90}.Debug|iPhone.Build.0 = Debug|Any CPU
		{9261BB9E-744A-4619-9642-B36289B0DD90}.Debug|iPhone.Deploy.0 = Debug|Any CPU
		{9261BB9E-744A-4619-9642-B36289B0DD90}.Debug|iPhoneSimulator.ActiveCfg = Debug|Any CPU
		{9261BB9E-744A-4619-9642-B36289B0DD90}.Debug|iPhoneSimulator.Build.0 = Debug|Any CPU
		{9261BB9E-744A-4619-9642-B36289B0DD90}.Debug|iPhoneSimulator.Deploy.0 = Debug|Any CPU
		{9261BB9E-744A-4619-9642-B36289B0DD90}.Release|Any CPU.ActiveCfg = Release|Any CPU
		{9261BB9E-744A-4619-9642-B36289B0DD90}.Release|Any CPU.Build.0 = Release|Any CPU
		{9261BB9E-744A-4619-9642-B36289B0DD90}.Release|Any CPU.Deploy.0 = Release|Any CPU
		{9261BB9E-744A-4619-9642-B36289B0DD90}.Release|iPhone.ActiveCfg = Release|Any CPU
		{9261BB9E-744A-4619-9642-B36289B0DD90}.Release|iPhone.Build.0 = Release|Any CPU
		{9261BB9E-744A-4619-9642-B36289B0DD90}.Release|iPhone.Deploy.0 = Release|Any CPU
		{9261BB9E-744A-4619-9642-B36289B0DD90}.Release|iPhoneSimulator.ActiveCfg = Release|Any CPU
		{9261BB9E-744A-4619-9642-B36289B0DD90}.Release|iPhoneSimulator.Build.0 = Release|Any CPU
		{9261BB9E-744A-4619-9642-B36289B0DD90}.Release|iPhoneSimulator.Deploy.0 = Release|Any CPU
	EndGlobalSection
	GlobalSection(SolutionProperties) = preSolution
		HideSolutionNode = FALSE
	EndGlobalSection
	GlobalSection(ExtensibilityGlobals) = postSolution
		SolutionGuid = {F0E3F8AD-E392-4214-A44A-799ED6FB79F7}
	EndGlobalSection
EndGlobal
